
Microsoft Visual Studio Solution File, Format Version 12.00
# Visual Studio Version 17
VisualStudioVersion = 17.4.33110.190
MinimumVisualStudioVersion = 10.0.40219.1
Project("{FAE04EC0-301F-11D3-BF4B-00C04F79EFBC}") = "Data-ChordWiki", "Data-ChordWiki.csproj", "{0DB6E3BB-2EB0-45D3-8E8F-2AB5389437BF}"
EndProject
Global
	GlobalSection(SolutionConfigurationPlatforms) = preSolution
		Debug|Any CPU = Debug|Any CPU
		Release|Any CPU = Release|Any CPU
	EndGlobalSection
	GlobalSection(ProjectConfigurationPlatforms) = postSolution
		{0DB6E3BB-2EB0-45D3-8E8F-2AB5389437BF}.Debug|Any CPU.ActiveCfg = Debug|Any CPU
		{0DB6E3BB-2EB0-45D3-8E8F-2AB5389437BF}.Debug|Any CPU.Build.0 = Debug|Any CPU
		{0DB6E3BB-2EB0-45D3-8E8F-2AB5389437BF}.Release|Any CPU.ActiveCfg = Release|Any CPU
		{0DB6E3BB-2EB0-45D3-8E8F-2AB5389437BF}.Release|Any CPU.Build.0 = Release|Any CPU
	EndGlobalSection
	GlobalSection(SolutionProperties) = preSolution
		HideSolutionNode = FALSE
	EndGlobalSection
	GlobalSection(ExtensibilityGlobals) = postSolution
		SolutionGuid = {BBB1EEEB-D9BB-4F35-91F1-AB8D1FF8E084}
	EndGlobalSection
EndGlobal
